
Microsoft Visual Studio Solution File, Format Version 12.00
# Visual Studio 15
VisualStudioVersion = 15.0.28307.1259
MinimumVisualStudioVersion = 10.0.40219.1
Project("{FAE04EC0-301F-11D3-BF4B-00C04F79EFBC}") = "ServerConfigMtk-P2-20180140121", "ServerConfigMtk-P2-20180140121\ServerConfigMtk-P2-20180140121.csproj", "{CB178454-0576-47E8-A432-80D21C034AA1}"
EndProject
Global
	GlobalSection(SolutionConfigurationPlatforms) = preSolution
		Debug|Any CPU = Debug|Any CPU
		Release|Any CPU = Release|Any CPU
	EndGlobalSection
	GlobalSection(ProjectConfigurationPlatforms) = postSolution
		{CB178454-0576-47E8-A432-80D21C034AA1}.Debug|Any CPU.ActiveCfg = Debug|Any CPU
		{CB178454-0576-47E8-A432-80D21C034AA1}.Debug|Any CPU.Build.0 = Debug|Any CPU
		{CB178454-0576-47E8-A432-80D21C034AA1}.Release|Any CPU.ActiveCfg = Release|Any CPU
		{CB178454-0576-47E8-A432-80D21C034AA1}.Release|Any CPU.Build.0 = Release|Any CPU
	EndGlobalSection
	GlobalSection(SolutionProperties) = preSolution
		HideSolutionNode = FALSE
	EndGlobalSection
	GlobalSection(ExtensibilityGlobals) = postSolution
		SolutionGuid = {A9C5C03C-B10C-45DF-9C1C-B5979BC5202E}
	EndGlobalSection
EndGlobal
